// !$*UTF8*$!
{
	archiveVersion = 1;
	classes = {
	};
	objectVersion = 48;
	objects = {

/* Begin PBXBuildFile section */
		914B3F782003388100E9813A /* AppDelegate.swift in Sources */ = {isa = PBXBuildFile; fileRef = 914B3F772003388100E9813A /* AppDelegate.swift */; };
		914B3F7A2003388100E9813A /* ViewController.swift in Sources */ = {isa = PBXBuildFile; fileRef = 914B3F792003388100E9813A /* ViewController.swift */; };
		914B3F7D2003388100E9813A /* Main.storyboard in Resources */ = {isa = PBXBuildFile; fileRef = 914B3F7B2003388100E9813A /* Main.storyboard */; };
		914B3F7F2003388100E9813A /* Assets.xcassets in Resources */ = {isa = PBXBuildFile; fileRef = 914B3F7E2003388100E9813A /* Assets.xcassets */; };
		914B3F822003388100E9813A /* LaunchScreen.storyboard in Resources */ = {isa = PBXBuildFile; fileRef = 914B3F802003388100E9813A /* LaunchScreen.storyboard */; };
		914B3F8D2003388100E9813A /* HelloTests.swift in Sources */ = {isa = PBXBuildFile; fileRef = 914B3F8C2003388100E9813A /* HelloTests.swift */; };
		914B3F982003388100E9813A /* HelloUITests.swift in Sources */ = {isa = PBXBuildFile; fileRef = 914B3F972003388100E9813A /* HelloUITests.swift */; };
/* End PBXBuildFile section */

/* Begin PBXContainerItemProxy section */
		914B3F892003388100E9813A /* PBXContainerItemProxy */ = {
			isa = PBXContainerItemProxy;
			containerPortal = 914B3F6C2003388100E9813A /* Project object */;
			proxyType = 1;
			remoteGlobalIDString = 914B3F732003388100E9813A;
			remoteInfo = Hello;
		};
		914B3F942003388100E9813A /* PBXContainerItemProxy */ = {
			isa = PBXContainerItemProxy;
			containerPortal = 914B3F6C2003388100E9813A /* Project object */;
			proxyType = 1;
			remoteGlobalIDString = 914B3F732003388100E9813A;
			remoteInfo = Hello;
		};
/* End PBXContainerItemProxy section */

/* Begin PBXFileReference section */
		914B3F742003388100E9813A /* Hello.app */ = {isa = PBXFileReference; explicitFileType = wrapper.application; includeInIndex = 0; path = Hello.app; sourceTree = BUILT_PRODUCTS_DIR; };
		914B3F772003388100E9813A /* AppDelegate.swift */ = {isa = PBXFileReference; lastKnownFileType = sourcecode.swift; path = AppDelegate.swift; sourceTree = "<group>"; };
		914B3F792003388100E9813A /* ViewController.swift */ = {isa = PBXFileReference; lastKnownFileType = sourcecode.swift; path = ViewController.swift; sourceTree = "<group>"; };
		914B3F7C2003388100E9813A /* Base */ = {isa = PBXFileReference; lastKnownFileType = file.storyboard; name = Base; path = Base.lproj/Main.storyboard; sourceTree = "<group>"; };
		914B3F7E2003388100E9813A /* Assets.xcassets */ = {isa = PBXFileReference; lastKnownFileType = folder.assetcatalog; path = Assets.xcassets; sourceTree = "<group>"; };
		914B3F812003388100E9813A /* Base */ = {isa = PBXFileReference; lastKnownFileType = file.storyboard; name = Base; path = Base.lproj/LaunchScreen.storyboard; sourceTree = "<group>"; };
		914B3F832003388100E9813A /* Info.plist */ = {isa = PBXFileReference; lastKnownFileType = text.plist.xml; path = Info.plist; sourceTree = "<group>"; };
		914B3F882003388100E9813A /* HelloTests.xctest */ = {isa = PBXFileReference; explicitFileType = wrapper.cfbundle; includeInIndex = 0; path = HelloTests.xctest; sourceTree = BUILT_PRODUCTS_DIR; };
		914B3F8C2003388100E9813A /* HelloTests.swift */ = {isa = PBXFileReference; lastKnownFileType = sourcecode.swift; path = HelloTests.swift; sourceTree = "<group>"; };
		914B3F8E2003388100E9813A /* Info.plist */ = {isa = PBXFileReference; lastKnownFileType = text.plist.xml; path = Info.plist; sourceTree = "<group>"; };
		914B3F932003388100E9813A /* HelloUITests.xctest */ = {isa = PBXFileReference; explicitFileType = wrapper.cfbundle; includeInIndex = 0; path = HelloUITests.xctest; sourceTree = BUILT_PRODUCTS_DIR; };
		914B3F972003388100E9813A /* HelloUITests.swift */ = {isa = PBXFileReference; lastKnownFileType = sourcecode.swift; path = HelloUITests.swift; sourceTree = "<group>"; };
		914B3F992003388100E9813A /* Info.plist */ = {isa = PBXFileReference; lastKnownFileType = text.plist.xml; path = Info.plist; sourceTree = "<group>"; };
/* End PBXFileReference section */

/* Begin PBXFrameworksBuildPhase section */
		914B3F712003388100E9813A /* Frameworks */ = {
			isa = PBXFrameworksBuildPhase;
			buildActionMask = 2147483647;
			files = (
			);
			runOnlyForDeploymentPostprocessing = 0;
		};
		914B3F852003388100E9813A /* Frameworks */ = {
			isa = PBXFrameworksBuildPhase;
			buildActionMask = 2147483647;
			files = (
			);
			runOnlyForDeploymentPostprocessing = 0;
		};
		914B3F902003388100E9813A /* Frameworks */ = {
			isa = PBXFrameworksBuildPhase;
			buildActionMask = 2147483647;
			files = (
			);
			runOnlyForDeploymentPostprocessing = 0;
		};
/* End PBXFrameworksBuildPhase section */

/* Begin PBXGroup section */
		914B3F6B2003388100E9813A = {
			isa = PBXGroup;
			children = (
				914B3F762003388100E9813A /* Hello */,
				914B3F8B2003388100E9813A /* HelloTests */,
				914B3F962003388100E9813A /* HelloUITests */,
				914B3F752003388100E9813A /* Products */,
			);
			sourceTree = "<group>";
		};
		914B3F752003388100E9813A /* Products */ = {
			isa = PBXGroup;
			children = (
				914B3F742003388100E9813A /* Hello.app */,
				914B3F882003388100E9813A /* HelloTests.xctest */,
				914B3F932003388100E9813A /* HelloUITests.xctest */,
			);
			name = Products;
			sourceTree = "<group>";
		};
		914B3F762003388100E9813A /* Hello */ = {
			isa = PBXGroup;
			children = (
				914B3F772003388100E9813A /* AppDelegate.swift */,
				914B3F792003388100E9813A /* ViewController.swift */,
				914B3F7B2003388100E9813A /* Main.storyboard */,
				914B3F7E2003388100E9813A /* Assets.xcassets */,
				914B3F802003388100E9813A /* LaunchScreen.storyboard */,
				914B3F832003388100E9813A /* Info.plist */,
			);
			path = Hello;
			sourceTree = "<group>";
		};
		914B3F8B2003388100E9813A /* HelloTests */ = {
			isa = PBXGroup;
			children = (
				914B3F8C2003388100E9813A /* HelloTests.swift */,
				914B3F8E2003388100E9813A /* Info.plist */,
			);
			path = HelloTests;
			sourceTree = "<group>";
		};
		914B3F962003388100E9813A /* HelloUITests */ = {
			isa = PBXGroup;
			children = (
				914B3F972003388100E9813A /* HelloUITests.swift */,
				914B3F992003388100E9813A /* Info.plist */,
			);
			path = HelloUITests;
			sourceTree = "<group>";
		};
/* End PBXGroup section */

/* Begin PBXNativeTarget section */
		914B3F732003388100E9813A /* Hello */ = {
			isa = PBXNativeTarget;
			buildConfigurationList = 914B3F9C2003388100E9813A /* Build configuration list for PBXNativeTarget "Hello" */;
			buildPhases = (
				914B3F702003388100E9813A /* Sources */,
				914B3F712003388100E9813A /* Frameworks */,
				914B3F722003388100E9813A /* Resources */,
			);
			buildRules = (
			);
			dependencies = (
			);
			name = Hello;
			productName = Hello;
			productReference = 914B3F742003388100E9813A /* Hello.app */;
			productType = "com.apple.product-type.application";
		};
		914B3F872003388100E9813A /* HelloTests */ = {
			isa = PBXNativeTarget;
			buildConfigurationList = 914B3F9F2003388100E9813A /* Build configuration list for PBXNativeTarget "HelloTests" */;
			buildPhases = (
				914B3F842003388100E9813A /* Sources */,
				914B3F852003388100E9813A /* Frameworks */,
				914B3F862003388100E9813A /* Resources */,
			);
			buildRules = (
			);
			dependencies = (
				914B3F8A2003388100E9813A /* PBXTargetDependency */,
			);
			name = HelloTests;
			productName = HelloTests;
			productReference = 914B3F882003388100E9813A /* HelloTests.xctest */;
			productType = "com.apple.product-type.bundle.unit-test";
		};
		914B3F922003388100E9813A /* HelloUITests */ = {
			isa = PBXNativeTarget;
			buildConfigurationList = 914B3FA22003388100E9813A /* Build configuration list for PBXNativeTarget "HelloUITests" */;
			buildPhases = (
				914B3F8F2003388100E9813A /* Sources */,
				914B3F902003388100E9813A /* Frameworks */,
				914B3F912003388100E9813A /* Resources */,
			);
			buildRules = (
			);
			dependencies = (
				914B3F952003388100E9813A /* PBXTargetDependency */,
			);
			name = HelloUITests;
			productName = HelloUITests;
			productReference = 914B3F932003388100E9813A /* HelloUITests.xctest */;
			productType = "com.apple.product-type.bundle.ui-testing";
		};
/* End PBXNativeTarget section */

/* Begin PBXProject section */
		914B3F6C2003388100E9813A /* Project object */ = {
			isa = PBXProject;
			attributes = {
				LastSwiftUpdateCheck = 0920;
				LastUpgradeCheck = 0920;
				ORGANIZATIONNAME = "Julia Zaratan";
				TargetAttributes = {
					914B3F732003388100E9813A = {
						CreatedOnToolsVersion = 9.2;
						ProvisioningStyle = Automatic;
					};
					914B3F872003388100E9813A = {
						CreatedOnToolsVersion = 9.2;
						ProvisioningStyle = Automatic;
						TestTargetID = 914B3F732003388100E9813A;
					};
					914B3F922003388100E9813A = {
						CreatedOnToolsVersion = 9.2;
						ProvisioningStyle = Automatic;
						TestTargetID = 914B3F732003388100E9813A;
					};
				};
			};
			buildConfigurationList = 914B3F6F2003388100E9813A /* Build configuration list for PBXProject "Hello" */;
			compatibilityVersion = "Xcode 8.0";
			developmentRegion = en;
			hasScannedForEncodings = 0;
			knownRegions = (
				en,
				Base,
			);
			mainGroup = 914B3F6B2003388100E9813A;
			productRefGroup = 914B3F752003388100E9813A /* Products */;
			projectDirPath = "";
			projectRoot = "";
			targets = (
				914B3F732003388100E9813A /* Hello */,
				914B3F872003388100E9813A /* HelloTests */,
				914B3F922003388100E9813A /* HelloUITests */,
			);
		};
/* End PBXProject section */

/* Begin PBXResourcesBuildPhase section */
		914B3F722003388100E9813A /* Resources */ = {
			isa = PBXResourcesBuildPhase;
			buildActionMask = 2147483647;
			files = (
				914B3F822003388100E9813A /* LaunchScreen.storyboard in Resources */,
				914B3F7F2003388100E9813A /* Assets.xcassets in Resources */,
				914B3F7D2003388100E9813A /* Main.storyboard in Resources */,
			);
			runOnlyForDeploymentPostprocessing = 0;
		};
		914B3F862003388100E9813A /* Resources */ = {
			isa = PBXResourcesBuildPhase;
			buildActionMask = 2147483647;
			files = (
			);
			runOnlyForDeploymentPostprocessing = 0;
		};
		914B3F912003388100E9813A /* Resources */ = {
			isa = PBXResourcesBuildPhase;
			buildActionMask = 2147483647;
			files = (
			);
			runOnlyForDeploymentPostprocessing = 0;
		};
/* End PBXResourcesBuildPhase section */

/* Begin PBXSourcesBuildPhase section */
		914B3F702003388100E9813A /* Sources */ = {
			isa = PBXSourcesBuildPhase;
			buildActionMask = 2147483647;
			files = (
				914B3F7A2003388100E9813A /* ViewController.swift in Sources */,
				914B3F782003388100E9813A /* AppDelegate.swift in Sources */,
			);
			runOnlyForDeploymentPostprocessing = 0;
		};
		914B3F842003388100E9813A /* Sources */ = {
			isa = PBXSourcesBuildPhase;
			buildActionMask = 2147483647;
			files = (
				914B3F8D2003388100E9813A /* HelloTests.swift in Sources */,
			);
			runOnlyForDeploymentPostprocessing = 0;
		};
		914B3F8F2003388100E9813A /* Sources */ = {
			isa = PBXSourcesBuildPhase;
			buildActionMask = 2147483647;
			files = (
				914B3F982003388100E9813A /* HelloUITests.swift in Sources */,
			);
			runOnlyForDeploymentPostprocessing = 0;
		};
/* End PBXSourcesBuildPhase section */

/* Begin PBXTargetDependency section */
		914B3F8A2003388100E9813A /* PBXTargetDependency */ = {
			isa = PBXTargetDependency;
			target = 914B3F732003388100E9813A /* Hello */;
			targetProxy = 914B3F892003388100E9813A /* PBXContainerItemProxy */;
		};
		914B3F952003388100E9813A /* PBXTargetDependency */ = {
			isa = PBXTargetDependency;
			target = 914B3F732003388100E9813A /* Hello */;
			targetProxy = 914B3F942003388100E9813A /* PBXContainerItemProxy */;
		};
/* End PBXTargetDependency section */

/* Begin PBXVariantGroup section */
		914B3F7B2003388100E9813A /* Main.storyboard */ = {
			isa = PBXVariantGroup;
			children = (
				914B3F7C2003388100E9813A /* Base */,
			);
			name = Main.storyboard;
			sourceTree = "<group>";
		};
		914B3F802003388100E9813A /* LaunchScreen.storyboard */ = {
			isa = PBXVariantGroup;
			children = (
				914B3F812003388100E9813A /* Base */,
			);
			name = LaunchScreen.storyboard;
			sourceTree = "<group>";
		};
/* End PBXVariantGroup section */

/* Begin XCBuildConfiguration section */
		914B3F9A2003388100E9813A /* Debug */ = {
			isa = XCBuildConfiguration;
			buildSettings = {
				ALWAYS_SEARCH_USER_PATHS = NO;
				CLANG_ANALYZER_NONNULL = YES;
				CLANG_ANALYZER_NUMBER_OBJECT_CONVERSION = YES_AGGRESSIVE;
				CLANG_CXX_LANGUAGE_STANDARD = "gnu++14";
				CLANG_CXX_LIBRARY = "libc++";
				CLANG_ENABLE_MODULES = YES;
				CLANG_ENABLE_OBJC_ARC = YES;
				CLANG_WARN_BLOCK_CAPTURE_AUTORELEASING = YES;
				CLANG_WARN_BOOL_CONVERSION = YES;
				CLANG_WARN_COMMA = YES;
				CLANG_WARN_CONSTANT_CONVERSION = YES;
				CLANG_WARN_DIRECT_OBJC_ISA_USAGE = YES_ERROR;
				CLANG_WARN_DOCUMENTATION_COMMENTS = YES;
				CLANG_WARN_EMPTY_BODY = YES;
				CLANG_WARN_ENUM_CONVERSION = YES;
				CLANG_WARN_INFINITE_RECURSION = YES;
				CLANG_WARN_INT_CONVERSION = YES;
				CLANG_WARN_NON_LITERAL_NULL_CONVERSION = YES;
				CLANG_WARN_OBJC_LITERAL_CONVERSION = YES;
				CLANG_WARN_OBJC_ROOT_CLASS = YES_ERROR;
				CLANG_WARN_RANGE_LOOP_ANALYSIS = YES;
				CLANG_WARN_STRICT_PROTOTYPES = YES;
				CLANG_WARN_SUSPICIOUS_MOVE = YES;
				CLANG_WARN_UNGUARDED_AVAILABILITY = YES_AGGRESSIVE;
				CLANG_WARN_UNREACHABLE_CODE = YES;
				CLANG_WARN__DUPLICATE_METHOD_MATCH = YES;
				CODE_SIGN_IDENTITY = "iPhone Developer";
				COPY_PHASE_STRIP = NO;
				DEBUG_INFORMATION_FORMAT = dwarf;
				ENABLE_STRICT_OBJC_MSGSEND = YES;
				ENABLE_TESTABILITY = YES;
				GCC_C_LANGUAGE_STANDARD = gnu11;
				GCC_DYNAMIC_NO_PIC = NO;
				GCC_NO_COMMON_BLOCKS = YES;
				GCC_OPTIMIZATION_LEVEL = 0;
				GCC_PREPROCESSOR_DEFINITIONS = (
					"DEBUG=1",
					"$(inherited)",
				);
				GCC_WARN_64_TO_32_BIT_CONVERSION = YES;
				GCC_WARN_ABOUT_RETURN_TYPE = YES_ERROR;
				GCC_WARN_UNDECLARED_SELECTOR = YES;
				GCC_WARN_UNINITIALIZED_AUTOS = YES_AGGRESSIVE;
				GCC_WARN_UNUSED_FUNCTION = YES;
				GCC_WARN_UNUSED_VARIABLE = YES;
				IPHONEOS_DEPLOYMENT_TARGET = 11.2;
				MTL_ENABLE_DEBUG_INFO = YES;
				ONLY_ACTIVE_ARCH = YES;
				SDKROOT = iphoneos;
				SWIFT_ACTIVE_COMPILATION_CONDITIONS = DEBUG;
				SWIFT_OPTIMIZATION_LEVEL = "-Onone";
			};
			name = Debug;
		};
		914B3F9B2003388100E9813A /* Release */ = {
			isa = XCBuildConfiguration;
			buildSettings = {
				ALWAYS_SEARCH_USER_PATHS = NO;
				CLANG_ANALYZER_NONNULL = YES;
				CLANG_ANALYZER_NUMBER_OBJECT_CONVERSION = YES_AGGRESSIVE;
				CLANG_CXX_LANGUAGE_STANDARD = "gnu++14";
				CLANG_CXX_LIBRARY = "libc++";
				CLANG_ENABLE_MODULES = YES;
				CLANG_ENABLE_OBJC_ARC = YES;
				CLANG_WARN_BLOCK_CAPTURE_AUTORELEASING = YES;
				CLANG_WARN_BOOL_CONVERSION = YES;
				CLANG_WARN_COMMA = YES;
				CLANG_WARN_CONSTANT_CONVERSION = YES;
				CLANG_WARN_DIRECT_OBJC_ISA_USAGE = YES_ERROR;
				CLANG_WARN_DOCUMENTATION_COMMENTS = YES;
				CLANG_WARN_EMPTY_BODY = YES;
				CLANG_WARN_ENUM_CONVERSION = YES;
				CLANG_WARN_INFINITE_RECURSION = YES;
				CLANG_WARN_INT_CONVERSION = YES;
				CLANG_WARN_NON_LITERAL_NULL_CONVERSION = YES;
				CLANG_WARN_OBJC_LITERAL_CONVERSION = YES;
				CLANG_WARN_OBJC_ROOT_CLASS = YES_ERROR;
				CLANG_WARN_RANGE_LOOP_ANALYSIS = YES;
				CLANG_WARN_STRICT_PROTOTYPES = YES;
				CLANG_WARN_SUSPICIOUS_MOVE = YES;
				CLANG_WARN_UNGUARDED_AVAILABILITY = YES_AGGRESSIVE;
				CLANG_WARN_UNREACHABLE_CODE = YES;
				CLANG_WARN__DUPLICATE_METHOD_MATCH = YES;
				CODE_SIGN_IDENTITY = "iPhone Developer";
				COPY_PHASE_STRIP = NO;
				DEBUG_INFORMATION_FORMAT = "dwarf-with-dsym";
				ENABLE_NS_ASSERTIONS = NO;
				ENABLE_STRICT_OBJC_MSGSEND = YES;
				GCC_C_LANGUAGE_STANDARD = gnu11;
				GCC_NO_COMMON_BLOCKS = YES;
				GCC_WARN_64_TO_32_BIT_CONVERSION = YES;
				GCC_WARN_ABOUT_RETURN_TYPE = YES_ERROR;
				GCC_WARN_UNDECLARED_SELECTOR = YES;
				GCC_WARN_UNINITIALIZED_AUTOS = YES_AGGRESSIVE;
				GCC_WARN_UNUSED_FUNCTION = YES;
				GCC_WARN_UNUSED_VARIABLE = YES;
				IPHONEOS_DEPLOYMENT_TARGET = 11.2;
				MTL_ENABLE_DEBUG_INFO = NO;
				SDKROOT = iphoneos;
				SWIFT_OPTIMIZATION_LEVEL = "-Owholemodule";
				VALIDATE_PRODUCT = YES;
			};
			name = Release;
		};
		914B3F9D2003388100E9813A /* Debug */ = {
			isa = XCBuildConfiguration;
			buildSettings = {
				ASSETCATALOG_COMPILER_APPICON_NAME = AppIcon;
				CODE_SIGN_STYLE = Automatic;
				INFOPLIST_FILE = Hello/Info.plist;
				LD_RUNPATH_SEARCH_PATHS = "$(inherited) @executable_path/Frameworks";
				PRODUCT_BUNDLE_IDENTIFIER = edu.uw.washington.jzaratan.Hello;
				PRODUCT_NAME = "$(TARGET_NAME)";
				SWIFT_VERSION = 4.0;
				TARGETED_DEVICE_FAMILY = "1,2";
			};
			name = Debug;
		};
		914B3F9E2003388100E9813A /* Release */ = {
			isa = XCBuildConfiguration;
			buildSettings = {
				ASSETCATALOG_COMPILER_APPICON_NAME = AppIcon;
				CODE_SIGN_STYLE = Automatic;
				INFOPLIST_FILE = Hello/Info.plist;
				LD_RUNPATH_SEARCH_PATHS = "$(inherited) @executable_path/Frameworks";
				PRODUCT_BUNDLE_IDENTIFIER = edu.uw.washington.jzaratan.Hello;
				PRODUCT_NAME = "$(TARGET_NAME)";
				SWIFT_VERSION = 4.0;
				TARGETED_DEVICE_FAMILY = "1,2";
			};
			name = Release;
		};
		914B3FA02003388100E9813A /* Debug */ = {
			isa = XCBuildConfiguration;
			buildSettings = {
				ALWAYS_EMBED_SWIFT_STANDARD_LIBRARIES = YES;
				BUNDLE_LOADER = "$(TEST_HOST)";
				CODE_SIGN_STYLE = Automatic;
				INFOPLIST_FILE = HelloTests/Info.plist;
				LD_RUNPATH_SEARCH_PATHS = "$(inherited) @executable_path/Frameworks @loader_path/Frameworks";
				PRODUCT_BUNDLE_IDENTIFIER = edu.uw.washington.jzaratan.HelloTests;
				PRODUCT_NAME = "$(TARGET_NAME)";
				SWIFT_VERSION = 4.0;
				TARGETED_DEVICE_FAMILY = "1,2";
				TEST_HOST = "$(BUILT_PRODUCTS_DIR)/Hello.app/Hello";
			};
			name = Debug;
		};
		914B3FA12003388100E9813A /* Release */ = {
			isa = XCBuildConfiguration;
			buildSettings = {
				ALWAYS_EMBED_SWIFT_STANDARD_LIBRARIES = YES;
				BUNDLE_LOADER = "$(TEST_HOST)";
				CODE_SIGN_STYLE = Automatic;
				INFOPLIST_FILE = HelloTests/Info.plist;
				LD_RUNPATH_SEARCH_PATHS = "$(inherited) @executable_path/Frameworks @loader_path/Frameworks";
				PRODUCT_BUNDLE_IDENTIFIER = edu.uw.washington.jzaratan.HelloTests;
				PRODUCT_NAME = "$(TARGET_NAME)";
				SWIFT_VERSION = 4.0;
				TARGETED_DEVICE_FAMILY = "1,2";
				TEST_HOST = "$(BUILT_PRODUCTS_DIR)/Hello.app/Hello";
			};
			name = Release;
		};
		914B3FA32003388100E9813A /* Debug */ = {
			isa = XCBuildConfiguration;
			buildSettings = {
				ALWAYS_EMBED_SWIFT_STANDARD_LIBRARIES = YES;
				CODE_SIGN_STYLE = Automatic;
				INFOPLIST_FILE = HelloUITests/Info.plist;
				LD_RUNPATH_SEARCH_PATHS = "$(inherited) @executable_path/Frameworks @loader_path/Frameworks";
				PRODUCT_BUNDLE_IDENTIFIER = edu.uw.washington.jzaratan.HelloUITests;
				PRODUCT_NAME = "$(TARGET_NAME)";
				SWIFT_VERSION = 4.0;
				TARGETED_DEVICE_FAMILY = "1,2";
				TEST_TARGET_NAME = Hello;
			};
			name = Debug;
		};
		914B3FA42003388100E9813A /* Release */ = {
			isa = XCBuildConfiguration;
			buildSettings = {
				ALWAYS_EMBED_SWIFT_STANDARD_LIBRARIES = YES;
				CODE_SIGN_STYLE = Automatic;
				INFOPLIST_FILE = HelloUITests/Info.plist;
				LD_RUNPATH_SEARCH_PATHS = "$(inherited) @executable_path/Frameworks @loader_path/Frameworks";
				PRODUCT_BUNDLE_IDENTIFIER = edu.uw.washington.jzaratan.HelloUITests;
				PRODUCT_NAME = "$(TARGET_NAME)";
				SWIFT_VERSION = 4.0;
				TARGETED_DEVICE_FAMILY = "1,2";
				TEST_TARGET_NAME = Hello;
			};
			name = Release;
		};
/* End XCBuildConfiguration section */

/* Begin XCConfigurationList section */
		914B3F6F2003388100E9813A /* Build configuration list for PBXProject "Hello" */ = {
			isa = XCConfigurationList;
			buildConfigurations = (
				914B3F9A2003388100E9813A /* Debug */,
				914B3F9B2003388100E9813A /* Release */,
			);
			defaultConfigurationIsVisible = 0;
			defaultConfigurationName = Release;
		};
		914B3F9C2003388100E9813A /* Build configuration list for PBXNativeTarget "Hello" */ = {
			isa = XCConfigurationList;
			buildConfigurations = (
				914B3F9D2003388100E9813A /* Debug */,
				914B3F9E2003388100E9813A /* Release */,
			);
			defaultConfigurationIsVisible = 0;
			defaultConfigurationName = Release;
		};
		914B3F9F2003388100E9813A /* Build configuration list for PBXNativeTarget "HelloTests" */ = {
			isa = XCConfigurationList;
			buildConfigurations = (
				914B3FA02003388100E9813A /* Debug */,
				914B3FA12003388100E9813A /* Release */,
			);
			defaultConfigurationIsVisible = 0;
			defaultConfigurationName = Release;
		};
		914B3FA22003388100E9813A /* Build configuration list for PBXNativeTarget "HelloUITests" */ = {
			isa = XCConfigurationList;
			buildConfigurations = (
				914B3FA32003388100E9813A /* Debug */,
				914B3FA42003388100E9813A /* Release */,
			);
			defaultConfigurationIsVisible = 0;
			defaultConfigurationName = Release;
		};
/* End XCConfigurationList section */
	};
	rootObject = 914B3F6C2003388100E9813A /* Project object */;
}
